
Microsoft Visual Studio Solution File, Format Version 12.00
# Visual Studio Version 16
VisualStudioVersion = 16.0.31702.278
MinimumVisualStudioVersion = 10.0.40219.1
Project("{FAE04EC0-301F-11D3-BF4B-00C04F79EFBC}") = "WindowsFormsApp6", "..\..\..\..\..\source\repos\WindowsFormsApp6\WindowsFormsApp6.csproj", "{3EFCB5C8-6631-4CEE-AFFE-283B1E51B02E}"
EndProject
Global
	GlobalSection(SolutionConfigurationPlatforms) = preSolution
		Debug|Any CPU = Debug|Any CPU
		Release|Any CPU = Release|Any CPU
	EndGlobalSection
	GlobalSection(ProjectConfigurationPlatforms) = postSolution
		{3EFCB5C8-6631-4CEE-AFFE-283B1E51B02E}.Debug|Any CPU.ActiveCfg = Debug|Any CPU
		{3EFCB5C8-6631-4CEE-AFFE-283B1E51B02E}.Debug|Any CPU.Build.0 = Debug|Any CPU
		{3EFCB5C8-6631-4CEE-AFFE-283B1E51B02E}.Release|Any CPU.ActiveCfg = Release|Any CPU
		{3EFCB5C8-6631-4CEE-AFFE-283B1E51B02E}.Release|Any CPU.Build.0 = Release|Any CPU
	EndGlobalSection
	GlobalSection(SolutionProperties) = preSolution
		HideSolutionNode = FALSE
	EndGlobalSection
	GlobalSection(ExtensibilityGlobals) = postSolution
		SolutionGuid = {BEFD0A16-EFFC-43AC-8317-A6FBF14A2B22}
	EndGlobalSection
EndGlobal
